// !$*UTF8*$!
{
	archiveVersion = 1;
	classes = {
	};
	objectVersion = 46;
	objects = {

/* Begin PBXBuildFile section */
		43E5FA8C1A093BF00025CA42 /* EverliveSDK.framework in Frameworks */ = {isa = PBXBuildFile; fileRef = 43E5FA8B1A093BF00025CA42 /* EverliveSDK.framework */; };
		EAA73F8319CDE64C00FF9AC8 /* AppDelegate.swift in Sources */ = {isa = PBXBuildFile; fileRef = EAA73F8219CDE64C00FF9AC8 /* AppDelegate.swift */; };
		EAA73F8519CDE64C00FF9AC8 /* ViewController.swift in Sources */ = {isa = PBXBuildFile; fileRef = EAA73F8419CDE64C00FF9AC8 /* ViewController.swift */; };
		EAA73F8819CDE64C00FF9AC8 /* Main.storyboard in Resources */ = {isa = PBXBuildFile; fileRef = EAA73F8619CDE64C00FF9AC8 /* Main.storyboard */; };
		EAA73F8A19CDE64C00FF9AC8 /* Images.xcassets in Resources */ = {isa = PBXBuildFile; fileRef = EAA73F8919CDE64C00FF9AC8 /* Images.xcassets */; };
		EAA73F8D19CDE64C00FF9AC8 /* LaunchScreen.xib in Resources */ = {isa = PBXBuildFile; fileRef = EAA73F8B19CDE64C00FF9AC8 /* LaunchScreen.xib */; };
		EAA73F9919CDE64D00FF9AC8 /* SwiftNotificationsTests.swift in Sources */ = {isa = PBXBuildFile; fileRef = EAA73F9819CDE64D00FF9AC8 /* SwiftNotificationsTests.swift */; };
/* End PBXBuildFile section */

/* Begin PBXContainerItemProxy section */
		EAA73F9319CDE64D00FF9AC8 /* PBXContainerItemProxy */ = {
			isa = PBXContainerItemProxy;
			containerPortal = EAA73F7519CDE64B00FF9AC8 /* Project object */;
			proxyType = 1;
			remoteGlobalIDString = EAA73F7C19CDE64C00FF9AC8;
			remoteInfo = SwiftNotifications;
		};
/* End PBXContainerItemProxy section */

/* Begin PBXFileReference section */
		43CB12C11A03E0FC004FD6DD /* EverliveBridge.h */ = {isa = PBXFileReference; fileEncoding = 4; lastKnownFileType = sourcecode.c.h; path = EverliveBridge.h; sourceTree = "<group>"; };
		43E5FA8B1A093BF00025CA42 /* EverliveSDK.framework */ = {isa = PBXFileReference; lastKnownFileType = wrapper.framework; path = EverliveSDK.framework; sourceTree = "<group>"; };
		EAA73F7D19CDE64C00FF9AC8 /* SwiftNotifications.app */ = {isa = PBXFileReference; explicitFileType = wrapper.application; includeInIndex = 0; path = SwiftNotifications.app; sourceTree = BUILT_PRODUCTS_DIR; };
		EAA73F8119CDE64C00FF9AC8 /* Info.plist */ = {isa = PBXFileReference; lastKnownFileType = text.plist.xml; path = Info.plist; sourceTree = "<group>"; };
		EAA73F8219CDE64C00FF9AC8 /* AppDelegate.swift */ = {isa = PBXFileReference; lastKnownFileType = sourcecode.swift; path = AppDelegate.swift; sourceTree = "<group>"; };
		EAA73F8419CDE64C00FF9AC8 /* ViewController.swift */ = {isa = PBXFileReference; lastKnownFileType = sourcecode.swift; path = ViewController.swift; sourceTree = "<group>"; };
		EAA73F8719CDE64C00FF9AC8 /* Base */ = {isa = PBXFileReference; lastKnownFileType = file.storyboard; name = Base; path = Base.lproj/Main.storyboard; sourceTree = "<group>"; };
		EAA73F8919CDE64C00FF9AC8 /* Images.xcassets */ = {isa = PBXFileReference; lastKnownFileType = folder.assetcatalog; path = Images.xcassets; sourceTree = "<group>"; };
		EAA73F8C19CDE64C00FF9AC8 /* Base */ = {isa = PBXFileReference; lastKnownFileType = file.xib; name = Base; path = Base.lproj/LaunchScreen.xib; sourceTree = "<group>"; };
		EAA73F9219CDE64D00FF9AC8 /* SwiftNotificationsTests.xctest */ = {isa = PBXFileReference; explicitFileType = wrapper.cfbundle; includeInIndex = 0; path = SwiftNotificationsTests.xctest; sourceTree = BUILT_PRODUCTS_DIR; };
		EAA73F9719CDE64D00FF9AC8 /* Info.plist */ = {isa = PBXFileReference; lastKnownFileType = text.plist.xml; path = Info.plist; sourceTree = "<group>"; };
		EAA73F9819CDE64D00FF9AC8 /* SwiftNotificationsTests.swift */ = {isa = PBXFileReference; lastKnownFileType = sourcecode.swift; path = SwiftNotificationsTests.swift; sourceTree = "<group>"; };
/* End PBXFileReference section */

/* Begin PBXFrameworksBuildPhase section */
		EAA73F7A19CDE64C00FF9AC8 /* Frameworks */ = {
			isa = PBXFrameworksBuildPhase;
			buildActionMask = 2147483647;
			files = (
				43E5FA8C1A093BF00025CA42 /* EverliveSDK.framework in Frameworks */,
			);
			runOnlyForDeploymentPostprocessing = 0;
		};
		EAA73F8F19CDE64D00FF9AC8 /* Frameworks */ = {
			isa = PBXFrameworksBuildPhase;
			buildActionMask = 2147483647;
			files = (
			);
			runOnlyForDeploymentPostprocessing = 0;
		};
/* End PBXFrameworksBuildPhase section */

/* Begin PBXGroup section */
		EAA73F7419CDE64B00FF9AC8 = {
			isa = PBXGroup;
			children = (
				43E5FA8B1A093BF00025CA42 /* EverliveSDK.framework */,
				43CB12C11A03E0FC004FD6DD /* EverliveBridge.h */,
				EAA73F7F19CDE64C00FF9AC8 /* SwiftNotifications */,
				EAA73F9519CDE64D00FF9AC8 /* SwiftNotificationsTests */,
				EAA73F7E19CDE64C00FF9AC8 /* Products */,
			);
			sourceTree = "<group>";
		};
		EAA73F7E19CDE64C00FF9AC8 /* Products */ = {
			isa = PBXGroup;
			children = (
				EAA73F7D19CDE64C00FF9AC8 /* SwiftNotifications.app */,
				EAA73F9219CDE64D00FF9AC8 /* SwiftNotificationsTests.xctest */,
			);
			name = Products;
			sourceTree = "<group>";
		};
		EAA73F7F19CDE64C00FF9AC8 /* SwiftNotifications */ = {
			isa = PBXGroup;
			children = (
				EAA73F8219CDE64C00FF9AC8 /* AppDelegate.swift */,
				EAA73F8419CDE64C00FF9AC8 /* ViewController.swift */,
				EAA73F8619CDE64C00FF9AC8 /* Main.storyboard */,
				EAA73F8919CDE64C00FF9AC8 /* Images.xcassets */,
				EAA73F8B19CDE64C00FF9AC8 /* LaunchScreen.xib */,
				EAA73F8019CDE64C00FF9AC8 /* Supporting Files */,
			);
			path = SwiftNotifications;
			sourceTree = "<group>";
		};
		EAA73F8019CDE64C00FF9AC8 /* Supporting Files */ = {
			isa = PBXGroup;
			children = (
				EAA73F8119CDE64C00FF9AC8 /* Info.plist */,
			);
			name = "Supporting Files";
			sourceTree = "<group>";
		};
		EAA73F9519CDE64D00FF9AC8 /* SwiftNotificationsTests */ = {
			isa = PBXGroup;
			children = (
				EAA73F9819CDE64D00FF9AC8 /* SwiftNotificationsTests.swift */,
				EAA73F9619CDE64D00FF9AC8 /* Supporting Files */,
			);
			path = SwiftNotificationsTests;
			sourceTree = "<group>";
		};
		EAA73F9619CDE64D00FF9AC8 /* Supporting Files */ = {
			isa = PBXGroup;
			children = (
				EAA73F9719CDE64D00FF9AC8 /* Info.plist */,
			);
			name = "Supporting Files";
			sourceTree = "<group>";
		};
/* End PBXGroup section */

/* Begin PBXNativeTarget section */
		EAA73F7C19CDE64C00FF9AC8 /* SwiftNotifications */ = {
			isa = PBXNativeTarget;
			buildConfigurationList = EAA73F9C19CDE64D00FF9AC8 /* Build configuration list for PBXNativeTarget "SwiftNotifications" */;
			buildPhases = (
				EAA73F7919CDE64C00FF9AC8 /* Sources */,
				EAA73F7A19CDE64C00FF9AC8 /* Frameworks */,
				EAA73F7B19CDE64C00FF9AC8 /* Resources */,
			);
			buildRules = (
			);
			dependencies = (
			);
			name = SwiftNotifications;
			productName = SwiftNotifications;
			productReference = EAA73F7D19CDE64C00FF9AC8 /* SwiftNotifications.app */;
			productType = "com.apple.product-type.application";
		};
		EAA73F9119CDE64D00FF9AC8 /* SwiftNotificationsTests */ = {
			isa = PBXNativeTarget;
			buildConfigurationList = EAA73F9F19CDE64D00FF9AC8 /* Build configuration list for PBXNativeTarget "SwiftNotificationsTests" */;
			buildPhases = (
				EAA73F8E19CDE64D00FF9AC8 /* Sources */,
				EAA73F8F19CDE64D00FF9AC8 /* Frameworks */,
				EAA73F9019CDE64D00FF9AC8 /* Resources */,
			);
			buildRules = (
			);
			dependencies = (
				EAA73F9419CDE64D00FF9AC8 /* PBXTargetDependency */,
			);
			name = SwiftNotificationsTests;
			productName = SwiftNotificationsTests;
			productReference = EAA73F9219CDE64D00FF9AC8 /* SwiftNotificationsTests.xctest */;
			productType = "com.apple.product-type.bundle.unit-test";
		};
/* End PBXNativeTarget section */

/* Begin PBXProject section */
		EAA73F7519CDE64B00FF9AC8 /* Project object */ = {
			isa = PBXProject;
			attributes = {
				LastUpgradeCheck = 0600;
				ORGANIZATIONNAME = com.dobrev;
				TargetAttributes = {
					EAA73F7C19CDE64C00FF9AC8 = {
						CreatedOnToolsVersion = 6.0.1;
						DevelopmentTeam = 7R952UQ6B3;
					};
					EAA73F9119CDE64D00FF9AC8 = {
						CreatedOnToolsVersion = 6.0.1;
						TestTargetID = EAA73F7C19CDE64C00FF9AC8;
					};
				};
			};
			buildConfigurationList = EAA73F7819CDE64C00FF9AC8 /* Build configuration list for PBXProject "SwiftNotifications" */;
			compatibilityVersion = "Xcode 3.2";
			developmentRegion = English;
			hasScannedForEncodings = 0;
			knownRegions = (
				en,
				Base,
			);
			mainGroup = EAA73F7419CDE64B00FF9AC8;
			productRefGroup = EAA73F7E19CDE64C00FF9AC8 /* Products */;
			projectDirPath = "";
			projectRoot = "";
			targets = (
				EAA73F7C19CDE64C00FF9AC8 /* SwiftNotifications */,
				EAA73F9119CDE64D00FF9AC8 /* SwiftNotificationsTests */,
			);
		};
/* End PBXProject section */

/* Begin PBXResourcesBuildPhase section */
		EAA73F7B19CDE64C00FF9AC8 /* Resources */ = {
			isa = PBXResourcesBuildPhase;
			buildActionMask = 2147483647;
			files = (
				EAA73F8819CDE64C00FF9AC8 /* Main.storyboard in Resources */,
				EAA73F8D19CDE64C00FF9AC8 /* LaunchScreen.xib in Resources */,
				EAA73F8A19CDE64C00FF9AC8 /* Images.xcassets in Resources */,
			);
			runOnlyForDeploymentPostprocessing = 0;
		};
		EAA73F9019CDE64D00FF9AC8 /* Resources */ = {
			isa = PBXResourcesBuildPhase;
			buildActionMask = 2147483647;
			files = (
			);
			runOnlyForDeploymentPostprocessing = 0;
		};
/* End PBXResourcesBuildPhase section */

/* Begin PBXSourcesBuildPhase section */
		EAA73F7919CDE64C00FF9AC8 /* Sources */ = {
			isa = PBXSourcesBuildPhase;
			buildActionMask = 2147483647;
			files = (
				EAA73F8519CDE64C00FF9AC8 /* ViewController.swift in Sources */,
				EAA73F8319CDE64C00FF9AC8 /* AppDelegate.swift in Sources */,
			);
			runOnlyForDeploymentPostprocessing = 0;
		};
		EAA73F8E19CDE64D00FF9AC8 /* Sources */ = {
			isa = PBXSourcesBuildPhase;
			buildActionMask = 2147483647;
			files = (
				EAA73F9919CDE64D00FF9AC8 /* SwiftNotificationsTests.swift in Sources */,
			);
			runOnlyForDeploymentPostprocessing = 0;
		};
/* End PBXSourcesBuildPhase section */

/* Begin PBXTargetDependency section */
		EAA73F9419CDE64D00FF9AC8 /* PBXTargetDependency */ = {
			isa = PBXTargetDependency;
			target = EAA73F7C19CDE64C00FF9AC8 /* SwiftNotifications */;
			targetProxy = EAA73F9319CDE64D00FF9AC8 /* PBXContainerItemProxy */;
		};
/* End PBXTargetDependency section */

/* Begin PBXVariantGroup section */
		EAA73F8619CDE64C00FF9AC8 /* Main.storyboard */ = {
			isa = PBXVariantGroup;
			children = (
				EAA73F8719CDE64C00FF9AC8 /* Base */,
			);
			name = Main.storyboard;
			sourceTree = "<group>";
		};
		EAA73F8B19CDE64C00FF9AC8 /* LaunchScreen.xib */ = {
			isa = PBXVariantGroup;
			children = (
				EAA73F8C19CDE64C00FF9AC8 /* Base */,
			);
			name = LaunchScreen.xib;
			sourceTree = "<group>";
		};
/* End PBXVariantGroup section */

/* Begin XCBuildConfiguration section */
		EAA73F9A19CDE64D00FF9AC8 /* Debug */ = {
			isa = XCBuildConfiguration;
			buildSettings = {
				ALWAYS_SEARCH_USER_PATHS = NO;
				CLANG_CXX_LANGUAGE_STANDARD = "gnu++0x";
				CLANG_CXX_LIBRARY = "libc++";
				CLANG_ENABLE_MODULES = YES;
				CLANG_ENABLE_OBJC_ARC = YES;
				CLANG_WARN_BOOL_CONVERSION = YES;
				CLANG_WARN_CONSTANT_CONVERSION = YES;
				CLANG_WARN_DIRECT_OBJC_ISA_USAGE = YES_ERROR;
				CLANG_WARN_EMPTY_BODY = YES;
				CLANG_WARN_ENUM_CONVERSION = YES;
				CLANG_WARN_INT_CONVERSION = YES;
				CLANG_WARN_OBJC_ROOT_CLASS = YES_ERROR;
				CLANG_WARN_UNREACHABLE_CODE = YES;
				CLANG_WARN__DUPLICATE_METHOD_MATCH = YES;
				"CODE_SIGN_IDENTITY[sdk=iphoneos*]" = "iPhone Developer";
				COPY_PHASE_STRIP = NO;
				ENABLE_STRICT_OBJC_MSGSEND = YES;
				GCC_C_LANGUAGE_STANDARD = gnu99;
				GCC_DYNAMIC_NO_PIC = NO;
				GCC_OPTIMIZATION_LEVEL = 0;
				GCC_PREPROCESSOR_DEFINITIONS = (
					"DEBUG=1",
					"$(inherited)",
				);
				GCC_SYMBOLS_PRIVATE_EXTERN = NO;
				GCC_WARN_64_TO_32_BIT_CONVERSION = YES;
				GCC_WARN_ABOUT_RETURN_TYPE = YES_ERROR;
				GCC_WARN_UNDECLARED_SELECTOR = YES;
				GCC_WARN_UNINITIALIZED_AUTOS = YES_AGGRESSIVE;
				GCC_WARN_UNUSED_FUNCTION = YES;
				GCC_WARN_UNUSED_VARIABLE = YES;
				IPHONEOS_DEPLOYMENT_TARGET = 8.0;
				MTL_ENABLE_DEBUG_INFO = YES;
				ONLY_ACTIVE_ARCH = NO;
				SDKROOT = iphoneos;
				SWIFT_OPTIMIZATION_LEVEL = "-Onone";
				VALID_ARCHS = "armv7 armv7s";
			};
			name = Debug;
		};
		EAA73F9B19CDE64D00FF9AC8 /* Release */ = {
			isa = XCBuildConfiguration;
			buildSettings = {
				ALWAYS_SEARCH_USER_PATHS = NO;
				CLANG_CXX_LANGUAGE_STANDARD = "gnu++0x";
				CLANG_CXX_LIBRARY = "libc++";
				CLANG_ENABLE_MODULES = YES;
				CLANG_ENABLE_OBJC_ARC = YES;
				CLANG_WARN_BOOL_CONVERSION = YES;
				CLANG_WARN_CONSTANT_CONVERSION = YES;
				CLANG_WARN_DIRECT_OBJC_ISA_USAGE = YES_ERROR;
				CLANG_WARN_EMPTY_BODY = YES;
				CLANG_WARN_ENUM_CONVERSION = YES;
				CLANG_WARN_INT_CONVERSION = YES;
				CLANG_WARN_OBJC_ROOT_CLASS = YES_ERROR;
				CLANG_WARN_UNREACHABLE_CODE = YES;
				CLANG_WARN__DUPLICATE_METHOD_MATCH = YES;
				"CODE_SIGN_IDENTITY[sdk=iphoneos*]" = "iPhone Developer";
				COPY_PHASE_STRIP = YES;
				ENABLE_NS_ASSERTIONS = NO;
				ENABLE_STRICT_OBJC_MSGSEND = YES;
				GCC_C_LANGUAGE_STANDARD = gnu99;
				GCC_WARN_64_TO_32_BIT_CONVERSION = YES;
				GCC_WARN_ABOUT_RETURN_TYPE = YES_ERROR;
				GCC_WARN_UNDECLARED_SELECTOR = YES;
				GCC_WARN_UNINITIALIZED_AUTOS = YES_AGGRESSIVE;
				GCC_WARN_UNUSED_FUNCTION = YES;
				GCC_WARN_UNUSED_VARIABLE = YES;
				IPHONEOS_DEPLOYMENT_TARGET = 8.0;
				MTL_ENABLE_DEBUG_INFO = NO;
				ONLY_ACTIVE_ARCH = NO;
				SDKROOT = iphoneos;
				VALIDATE_PRODUCT = YES;
				VALID_ARCHS = "armv7 armv7s";
			};
			name = Release;
		};
		EAA73F9D19CDE64D00FF9AC8 /* Debug */ = {
			isa = XCBuildConfiguration;
			buildSettings = {
				ASSETCATALOG_COMPILER_APPICON_NAME = AppIcon;
				CODE_SIGN_IDENTITY = "iPhone Developer";
				"CODE_SIGN_IDENTITY[sdk=iphoneos*]" = "iPhone Developer";
				FRAMEWORK_SEARCH_PATHS = (
					"$(inherited)",
					"$(PROJECT_DIR)/SwiftNotifications",
					"$(PROJECT_DIR)",
				);
				INFOPLIST_FILE = SwiftNotifications/Info.plist;
				IPHONEOS_DEPLOYMENT_TARGET = 8.0;
				LD_RUNPATH_SEARCH_PATHS = "$(inherited) @executable_path/Frameworks";
				PRODUCT_NAME = "$(TARGET_NAME)";
				PROVISIONING_PROFILE = "";
				"SWIFT_OBJC_BRIDGING_HEADER[arch=*]" = EverliveBridge.h;
				TARGETED_DEVICE_FAMILY = 1;
			};
			name = Debug;
		};
		EAA73F9E19CDE64D00FF9AC8 /* Release */ = {
			isa = XCBuildConfiguration;
			buildSettings = {
				ASSETCATALOG_COMPILER_APPICON_NAME = AppIcon;
				CODE_SIGN_IDENTITY = "iPhone Developer";
				"CODE_SIGN_IDENTITY[sdk=iphoneos*]" = "iPhone Developer";
				FRAMEWORK_SEARCH_PATHS = (
					"$(inherited)",
					"$(PROJECT_DIR)/SwiftNotifications",
					"$(PROJECT_DIR)",
				);
				INFOPLIST_FILE = SwiftNotifications/Info.plist;
				IPHONEOS_DEPLOYMENT_TARGET = 8.0;
				LD_RUNPATH_SEARCH_PATHS = "$(inherited) @executable_path/Frameworks";
				PRODUCT_NAME = "$(TARGET_NAME)";
				PROVISIONING_PROFILE = "";
				"SWIFT_OBJC_BRIDGING_HEADER[arch=*]" = EverliveBridge.h;
				TARGETED_DEVICE_FAMILY = 1;
			};
			name = Release;
		};
		EAA73FA019CDE64D00FF9AC8 /* Debug */ = {
			isa = XCBuildConfiguration;
			buildSettings = {
				BUNDLE_LOADER = "$(TEST_HOST)";
				FRAMEWORK_SEARCH_PATHS = (
					"$(SDKROOT)/Developer/Library/Frameworks",
					"$(inherited)",
				);
				GCC_PREPROCESSOR_DEFINITIONS = (
					"DEBUG=1",
					"$(inherited)",
				);
				INFOPLIST_FILE = SwiftNotificationsTests/Info.plist;
				LD_RUNPATH_SEARCH_PATHS = "$(inherited) @executable_path/Frameworks @loader_path/Frameworks";
				PRODUCT_NAME = "$(TARGET_NAME)";
				TEST_HOST = "$(BUILT_PRODUCTS_DIR)/SwiftNotifications.app/SwiftNotifications";
			};
			name = Debug;
		};
		EAA73FA119CDE64D00FF9AC8 /* Release */ = {
			isa = XCBuildConfiguration;
			buildSettings = {
				BUNDLE_LOADER = "$(TEST_HOST)";
				FRAMEWORK_SEARCH_PATHS = (
					"$(SDKROOT)/Developer/Library/Frameworks",
					"$(inherited)",
				);
				INFOPLIST_FILE = SwiftNotificationsTests/Info.plist;
				LD_RUNPATH_SEARCH_PATHS = "$(inherited) @executable_path/Frameworks @loader_path/Frameworks";
				PRODUCT_NAME = "$(TARGET_NAME)";
				TEST_HOST = "$(BUILT_PRODUCTS_DIR)/SwiftNotifications.app/SwiftNotifications";
			};
			name = Release;
		};
/* End XCBuildConfiguration section */

/* Begin XCConfigurationList section */
		EAA73F7819CDE64C00FF9AC8 /* Build configuration list for PBXProject "SwiftNotifications" */ = {
			isa = XCConfigurationList;
			buildConfigurations = (
				EAA73F9A19CDE64D00FF9AC8 /* Debug */,
				EAA73F9B19CDE64D00FF9AC8 /* Release */,
			);
			defaultConfigurationIsVisible = 0;
			defaultConfigurationName = Release;
		};
		EAA73F9C19CDE64D00FF9AC8 /* Build configuration list for PBXNativeTarget "SwiftNotifications" */ = {
			isa = XCConfigurationList;
			buildConfigurations = (
				EAA73F9D19CDE64D00FF9AC8 /* Debug */,
				EAA73F9E19CDE64D00FF9AC8 /* Release */,
			);
			defaultConfigurationIsVisible = 0;
			defaultConfigurationName = Release;
		};
		EAA73F9F19CDE64D00FF9AC8 /* Build configuration list for PBXNativeTarget "SwiftNotificationsTests" */ = {
			isa = XCConfigurationList;
			buildConfigurations = (
				EAA73FA019CDE64D00FF9AC8 /* Debug */,
				EAA73FA119CDE64D00FF9AC8 /* Release */,
			);
			defaultConfigurationIsVisible = 0;
			defaultConfigurationName = Release;
		};
/* End XCConfigurationList section */
	};
	rootObject = EAA73F7519CDE64B00FF9AC8 /* Project object */;
}
